
Microsoft Visual Studio Solution File, Format Version 12.00
# Visual Studio Version 17
VisualStudioVersion = 17.0.31903.59
MinimumVisualStudioVersion = 10.0.40219.1
Project("{FAE04EC0-301F-11D3-BF4B-00C04F79EFBC}") = "InventoryManamegent.Application", "InventoryManamegent.Application\InventoryManamegent.Application.csproj", "{07B9A164-22FA-424A-90C0-EDE28E16E262}"
EndProject
Project("{FAE04EC0-301F-11D3-BF4B-00C04F79EFBC}") = "InventoryManamegent.Domain", "InventoryManamegent.Domain\InventoryManamegent.Domain.csproj", "{5000ADBE-8EFF-43E2-838B-349C5170ADC8}"
EndProject
Project("{FAE04EC0-301F-11D3-BF4B-00C04F79EFBC}") = "InventoryManamegent.Infra.Data", "InventoryManamegent.Infra.Data\InventoryManamegent.Infra.Data.csproj", "{17B76FB3-927F-4F5C-8BE5-501D00DD2C10}"
EndProject
Project("{FAE04EC0-301F-11D3-BF4B-00C04F79EFBC}") = "InventoryManamegent.Infra.IoC", "InventoryManamegent.Infra.IoC\InventoryManamegent.Infra.IoC.csproj", "{A92273B7-C452-4474-9B1F-7E1524A20B47}"
EndProject
Project("{FAE04EC0-301F-11D3-BF4B-00C04F79EFBC}") = "InventoryManamegent.WebApi", "InventoryManamegent.WebApi\InventoryManamegent.WebApi.csproj", "{C882B142-C32C-46A4-A91B-841771E5CCD9}"
EndProject
Project("{FAE04EC0-301F-11D3-BF4B-00C04F79EFBC}") = "InventoryManamegent.Application.Test", "InventoryManamegent.Application.Test\InventoryManamegent.Application.Test.csproj", "{2E9D8D79-6B0F-4BA0-A922-C05FBD0AC180}"
EndProject
Project("{FAE04EC0-301F-11D3-BF4B-00C04F79EFBC}") = "InventoryManamegent.Domain.Test", "InventoryManamegent.Domain.Test\InventoryManamegent.Domain.Test.csproj", "{96E7B685-C103-4056-BD85-D53325645EFC}"
EndProject
Global
	GlobalSection(SolutionProperties) = preSolution
		HideSolutionNode = FALSE
	EndGlobalSection
	GlobalSection(SolutionConfigurationPlatforms) = preSolution
		Debug|Any CPU = Debug|Any CPU
		Debug|x64 = Debug|x64
		Debug|x86 = Debug|x86
		Release|Any CPU = Release|Any CPU
		Release|x64 = Release|x64
		Release|x86 = Release|x86
	EndGlobalSection
	GlobalSection(ProjectConfigurationPlatforms) = postSolution
		{07B9A164-22FA-424A-90C0-EDE28E16E262}.Debug|Any CPU.ActiveCfg = Debug|Any CPU
		{07B9A164-22FA-424A-90C0-EDE28E16E262}.Debug|Any CPU.Build.0 = Debug|Any CPU
		{07B9A164-22FA-424A-90C0-EDE28E16E262}.Debug|x64.ActiveCfg = Debug|Any CPU
		{07B9A164-22FA-424A-90C0-EDE28E16E262}.Debug|x64.Build.0 = Debug|Any CPU
		{07B9A164-22FA-424A-90C0-EDE28E16E262}.Debug|x86.ActiveCfg = Debug|Any CPU
		{07B9A164-22FA-424A-90C0-EDE28E16E262}.Debug|x86.Build.0 = Debug|Any CPU
		{07B9A164-22FA-424A-90C0-EDE28E16E262}.Release|Any CPU.ActiveCfg = Release|Any CPU
		{07B9A164-22FA-424A-90C0-EDE28E16E262}.Release|Any CPU.Build.0 = Release|Any CPU
		{07B9A164-22FA-424A-90C0-EDE28E16E262}.Release|x64.ActiveCfg = Release|Any CPU
		{07B9A164-22FA-424A-90C0-EDE28E16E262}.Release|x64.Build.0 = Release|Any CPU
		{07B9A164-22FA-424A-90C0-EDE28E16E262}.Release|x86.ActiveCfg = Release|Any CPU
		{07B9A164-22FA-424A-90C0-EDE28E16E262}.Release|x86.Build.0 = Release|Any CPU
		{5000ADBE-8EFF-43E2-838B-349C5170ADC8}.Debug|Any CPU.ActiveCfg = Debug|Any CPU
		{5000ADBE-8EFF-43E2-838B-349C5170ADC8}.Debug|Any CPU.Build.0 = Debug|Any CPU
		{5000ADBE-8EFF-43E2-838B-349C5170ADC8}.Debug|x64.ActiveCfg = Debug|Any CPU
		{5000ADBE-8EFF-43E2-838B-349C5170ADC8}.Debug|x64.Build.0 = Debug|Any CPU
		{5000ADBE-8EFF-43E2-838B-349C5170ADC8}.Debug|x86.ActiveCfg = Debug|Any CPU
		{5000ADBE-8EFF-43E2-838B-349C5170ADC8}.Debug|x86.Build.0 = Debug|Any CPU
		{5000ADBE-8EFF-43E2-838B-349C5170ADC8}.Release|Any CPU.ActiveCfg = Release|Any CPU
		{5000ADBE-8EFF-43E2-838B-349C5170ADC8}.Release|Any CPU.Build.0 = Release|Any CPU
		{5000ADBE-8EFF-43E2-838B-349C5170ADC8}.Release|x64.ActiveCfg = Release|Any CPU
		{5000ADBE-8EFF-43E2-838B-349C5170ADC8}.Release|x64.Build.0 = Release|Any CPU
		{5000ADBE-8EFF-43E2-838B-349C5170ADC8}.Release|x86.ActiveCfg = Release|Any CPU
		{5000ADBE-8EFF-43E2-838B-349C5170ADC8}.Release|x86.Build.0 = Release|Any CPU
		{17B76FB3-927F-4F5C-8BE5-501D00DD2C10}.Debug|Any CPU.ActiveCfg = Debug|Any CPU
		{17B76FB3-927F-4F5C-8BE5-501D00DD2C10}.Debug|Any CPU.Build.0 = Debug|Any CPU
		{17B76FB3-927F-4F5C-8BE5-501D00DD2C10}.Debug|x64.ActiveCfg = Debug|Any CPU
		{17B76FB3-927F-4F5C-8BE5-501D00DD2C10}.Debug|x64.Build.0 = Debug|Any CPU
		{17B76FB3-927F-4F5C-8BE5-501D00DD2C10}.Debug|x86.ActiveCfg = Debug|Any CPU
		{17B76FB3-927F-4F5C-8BE5-501D00DD2C10}.Debug|x86.Build.0 = Debug|Any CPU
		{17B76FB3-927F-4F5C-8BE5-501D00DD2C10}.Release|Any CPU.ActiveCfg = Release|Any CPU
		{17B76FB3-927F-4F5C-8BE5-501D00DD2C10}.Release|Any CPU.Build.0 = Release|Any CPU
		{17B76FB3-927F-4F5C-8BE5-501D00DD2C10}.Release|x64.ActiveCfg = Release|Any CPU
		{17B76FB3-927F-4F5C-8BE5-501D00DD2C10}.Release|x64.Build.0 = Release|Any CPU
		{17B76FB3-927F-4F5C-8BE5-501D00DD2C10}.Release|x86.ActiveCfg = Release|Any CPU
		{17B76FB3-927F-4F5C-8BE5-501D00DD2C10}.Release|x86.Build.0 = Release|Any CPU
		{A92273B7-C452-4474-9B1F-7E1524A20B47}.Debug|Any CPU.ActiveCfg = Debug|Any CPU
		{A92273B7-C452-4474-9B1F-7E1524A20B47}.Debug|Any CPU.Build.0 = Debug|Any CPU
		{A92273B7-C452-4474-9B1F-7E1524A20B47}.Debug|x64.ActiveCfg = Debug|Any CPU
		{A92273B7-C452-4474-9B1F-7E1524A20B47}.Debug|x64.Build.0 = Debug|Any CPU
		{A92273B7-C452-4474-9B1F-7E1524A20B47}.Debug|x86.ActiveCfg = Debug|Any CPU
		{A92273B7-C452-4474-9B1F-7E1524A20B47}.Debug|x86.Build.0 = Debug|Any CPU
		{A92273B7-C452-4474-9B1F-7E1524A20B47}.Release|Any CPU.ActiveCfg = Release|Any CPU
		{A92273B7-C452-4474-9B1F-7E1524A20B47}.Release|Any CPU.Build.0 = Release|Any CPU
		{A92273B7-C452-4474-9B1F-7E1524A20B47}.Release|x64.ActiveCfg = Release|Any CPU
		{A92273B7-C452-4474-9B1F-7E1524A20B47}.Release|x64.Build.0 = Release|Any CPU
		{A92273B7-C452-4474-9B1F-7E1524A20B47}.Release|x86.ActiveCfg = Release|Any CPU
		{A92273B7-C452-4474-9B1F-7E1524A20B47}.Release|x86.Build.0 = Release|Any CPU
		{C882B142-C32C-46A4-A91B-841771E5CCD9}.Debug|Any CPU.ActiveCfg = Debug|Any CPU
		{C882B142-C32C-46A4-A91B-841771E5CCD9}.Debug|Any CPU.Build.0 = Debug|Any CPU
		{C882B142-C32C-46A4-A91B-841771E5CCD9}.Debug|x64.ActiveCfg = Debug|Any CPU
		{C882B142-C32C-46A4-A91B-841771E5CCD9}.Debug|x64.Build.0 = Debug|Any CPU
		{C882B142-C32C-46A4-A91B-841771E5CCD9}.Debug|x86.ActiveCfg = Debug|Any CPU
		{C882B142-C32C-46A4-A91B-841771E5CCD9}.Debug|x86.Build.0 = Debug|Any CPU
		{C882B142-C32C-46A4-A91B-841771E5CCD9}.Release|Any CPU.ActiveCfg = Release|Any CPU
		{C882B142-C32C-46A4-A91B-841771E5CCD9}.Release|Any CPU.Build.0 = Release|Any CPU
		{C882B142-C32C-46A4-A91B-841771E5CCD9}.Release|x64.ActiveCfg = Release|Any CPU
		{C882B142-C32C-46A4-A91B-841771E5CCD9}.Release|x64.Build.0 = Release|Any CPU
		{C882B142-C32C-46A4-A91B-841771E5CCD9}.Release|x86.ActiveCfg = Release|Any CPU
		{C882B142-C32C-46A4-A91B-841771E5CCD9}.Release|x86.Build.0 = Release|Any CPU
		{2E9D8D79-6B0F-4BA0-A922-C05FBD0AC180}.Debug|Any CPU.ActiveCfg = Debug|Any CPU
		{2E9D8D79-6B0F-4BA0-A922-C05FBD0AC180}.Debug|Any CPU.Build.0 = Debug|Any CPU
		{2E9D8D79-6B0F-4BA0-A922-C05FBD0AC180}.Debug|x64.ActiveCfg = Debug|Any CPU
		{2E9D8D79-6B0F-4BA0-A922-C05FBD0AC180}.Debug|x64.Build.0 = Debug|Any CPU
		{2E9D8D79-6B0F-4BA0-A922-C05FBD0AC180}.Debug|x86.ActiveCfg = Debug|Any CPU
		{2E9D8D79-6B0F-4BA0-A922-C05FBD0AC180}.Debug|x86.Build.0 = Debug|Any CPU
		{2E9D8D79-6B0F-4BA0-A922-C05FBD0AC180}.Release|Any CPU.ActiveCfg = Release|Any CPU
		{2E9D8D79-6B0F-4BA0-A922-C05FBD0AC180}.Release|Any CPU.Build.0 = Release|Any CPU
		{2E9D8D79-6B0F-4BA0-A922-C05FBD0AC180}.Release|x64.ActiveCfg = Release|Any CPU
		{2E9D8D79-6B0F-4BA0-A922-C05FBD0AC180}.Release|x64.Build.0 = Release|Any CPU
		{2E9D8D79-6B0F-4BA0-A922-C05FBD0AC180}.Release|x86.ActiveCfg = Release|Any CPU
		{2E9D8D79-6B0F-4BA0-A922-C05FBD0AC180}.Release|x86.Build.0 = Release|Any CPU
		{96E7B685-C103-4056-BD85-D53325645EFC}.Debug|Any CPU.ActiveCfg = Debug|Any CPU
		{96E7B685-C103-4056-BD85-D53325645EFC}.Debug|Any CPU.Build.0 = Debug|Any CPU
		{96E7B685-C103-4056-BD85-D53325645EFC}.Debug|x64.ActiveCfg = Debug|Any CPU
		{96E7B685-C103-4056-BD85-D53325645EFC}.Debug|x64.Build.0 = Debug|Any CPU
		{96E7B685-C103-4056-BD85-D53325645EFC}.Debug|x86.ActiveCfg = Debug|Any CPU
		{96E7B685-C103-4056-BD85-D53325645EFC}.Debug|x86.Build.0 = Debug|Any CPU
		{96E7B685-C103-4056-BD85-D53325645EFC}.Release|Any CPU.ActiveCfg = Release|Any CPU
		{96E7B685-C103-4056-BD85-D53325645EFC}.Release|Any CPU.Build.0 = Release|Any CPU
		{96E7B685-C103-4056-BD85-D53325645EFC}.Release|x64.ActiveCfg = Release|Any CPU
		{96E7B685-C103-4056-BD85-D53325645EFC}.Release|x64.Build.0 = Release|Any CPU
		{96E7B685-C103-4056-BD85-D53325645EFC}.Release|x86.ActiveCfg = Release|Any CPU
		{96E7B685-C103-4056-BD85-D53325645EFC}.Release|x86.Build.0 = Release|Any CPU
	EndGlobalSection
EndGlobal
